{
  "version": "4",
  "remote": {
    "https://raw.githubusercontent.com/GEWIS/planka-client/main/dist/planka-client.js": "ef8aab6f583f1c7601fe191c61b09abe3f3d53b3cb664f06fc0c81f80a47a2f0"
  },
  "workspace": {
    "packageJson": {
      "dependencies": [
        "npm:@hey-api/client-fetch@~0.4.2",
        "npm:imapflow@^1.0.164"
      ]
    }
  }
}
